{
  "name": "ismart.com",
  "lockfileVersion": 2,
  "requires": true,
  "packages": {
    "": {
      "devDependencies": {
        "page-lifecycle": "^0.1.2"
      }
    },
    "node_modules/page-lifecycle": {
      "version": "0.1.2",
      "resolved": "https://registry.npmjs.org/page-lifecycle/-/page-lifecycle-0.1.2.tgz",
      "integrity": "sha512-+3uccYgL0CXG0KSXRxZi4uc2E6mqFWV5HqiJJgcnaJCiS0LqiuJ4vB420N21NFuLvuvLB4Jr5drgQ2NXAXF9Iw==",
      "dev": true
    }
  },
  "dependencies": {
    "page-lifecycle": {
      "version": "0.1.2",
      "resolved": "https://registry.npmjs.org/page-lifecycle/-/page-lifecycle-0.1.2.tgz",
      "integrity": "sha512-+3uccYgL0CXG0KSXRxZi4uc2E6mqFWV5HqiJJgcnaJCiS0LqiuJ4vB420N21NFuLvuvLB4Jr5drgQ2NXAXF9Iw==",
      "dev": true
    }
  }
}
